
Microsoft Visual Studio Solution File, Format Version 12.00
# Visual Studio 15
VisualStudioVersion = 15.0.26430.15
MinimumVisualStudioVersion = 10.0.40219.1
Project("{FAE04EC0-301F-11D3-BF4B-00C04F79EFBC}") = "TestSuite.TestEngine.Test", "TestSuite.TestEngine.Test\TestSuite.TestEngine.Test.csproj", "{07BA217B-2897-4B31-A3A2-FF928B7C9871}"
EndProject
Project("{FAE04EC0-301F-11D3-BF4B-00C04F79EFBC}") = "TestSuite.TestEngine", "TestSuite.TestEngine\TestSuite.TestEngine.csproj", "{7672FDF9-CA2D-4BF8-91B1-C72125564982}"
EndProject
Project("{FAE04EC0-301F-11D3-BF4B-00C04F79EFBC}") = "TestSuite.TestEngine.Mock", "TestSuite.TestEngine.Mock\TestSuite.TestEngine.Mock.csproj", "{10FE41EE-7788-4A3E-9076-03DFDE742BF0}"
EndProject
Project("{FAE04EC0-301F-11D3-BF4B-00C04F79EFBC}") = "TestSuite.TestEngine.MockReference", "TestSuite.TestEngine.MockReference\TestSuite.TestEngine.MockReference.csproj", "{4BF5AE3D-6E5E-4B07-9B2C-9FD2FE7C386F}"
EndProject
Project("{2150E333-8FDC-42A3-9474-1A3956D46DE8}") = "TestEngine", "TestEngine", "{97341D3D-06B0-461C-876F-EE450BF7FBBC}"
EndProject
Project("{2150E333-8FDC-42A3-9474-1A3956D46DE8}") = "TestManagement", "TestManagement", "{BD6FFDA0-2F21-40B7-A6B2-7914F5512051}"
EndProject
Project("{2150E333-8FDC-42A3-9474-1A3956D46DE8}") = "TestExecution", "TestExecution", "{50E6A4A1-FC6A-4AA6-9370-1BC4CAB10DBD}"
EndProject
Project("{FAE04EC0-301F-11D3-BF4B-00C04F79EFBC}") = "TestSuite.TestExecution", "TestSuite.TestExecution\TestSuite.TestExecution.csproj", "{D3467444-209B-44EE-B2D2-BCFDCDF66BA8}"
EndProject
Project("{FAE04EC0-301F-11D3-BF4B-00C04F79EFBC}") = "TestSuite.TestManagement", "TestSuite.TestManagement\TestSuite.TestManagement.csproj", "{F2CC2667-B98D-4E64-943E-2085F496E34B}"
EndProject
Project("{FAE04EC0-301F-11D3-BF4B-00C04F79EFBC}") = "TestSuite.TestManagement.Test", "TestSuite.TestManagement.Test\TestSuite.TestManagement.Test.csproj", "{AA62F1F1-85C6-4538-8696-CC95AAAEB78D}"
EndProject
Project("{FAE04EC0-301F-11D3-BF4B-00C04F79EFBC}") = "TestSuite.TestManagement.Web", "TestSuite.TestManagement.Web\TestSuite.TestManagement.Web.csproj", "{F9ABCAA2-6CA4-4C45-8134-BF523D2C5B1A}"
EndProject
Project("{FAE04EC0-301F-11D3-BF4B-00C04F79EFBC}") = "TestSuite.TestManagement.Web.Tests", "TestSuite.TestManagement.Web.Tests\TestSuite.TestManagement.Web.Tests.csproj", "{01950375-B85F-42F4-A103-76BBEC6A5CFE}"
EndProject
Global
	GlobalSection(SolutionConfigurationPlatforms) = preSolution
		Debug|Any CPU = Debug|Any CPU
		Release|Any CPU = Release|Any CPU
	EndGlobalSection
	GlobalSection(ProjectConfigurationPlatforms) = postSolution
		{07BA217B-2897-4B31-A3A2-FF928B7C9871}.Debug|Any CPU.ActiveCfg = Debug|Any CPU
		{07BA217B-2897-4B31-A3A2-FF928B7C9871}.Debug|Any CPU.Build.0 = Debug|Any CPU
		{07BA217B-2897-4B31-A3A2-FF928B7C9871}.Release|Any CPU.ActiveCfg = Release|Any CPU
		{07BA217B-2897-4B31-A3A2-FF928B7C9871}.Release|Any CPU.Build.0 = Release|Any CPU
		{7672FDF9-CA2D-4BF8-91B1-C72125564982}.Debug|Any CPU.ActiveCfg = Debug|Any CPU
		{7672FDF9-CA2D-4BF8-91B1-C72125564982}.Debug|Any CPU.Build.0 = Debug|Any CPU
		{7672FDF9-CA2D-4BF8-91B1-C72125564982}.Release|Any CPU.ActiveCfg = Release|Any CPU
		{7672FDF9-CA2D-4BF8-91B1-C72125564982}.Release|Any CPU.Build.0 = Release|Any CPU
		{10FE41EE-7788-4A3E-9076-03DFDE742BF0}.Debug|Any CPU.ActiveCfg = Debug|Any CPU
		{10FE41EE-7788-4A3E-9076-03DFDE742BF0}.Debug|Any CPU.Build.0 = Debug|Any CPU
		{10FE41EE-7788-4A3E-9076-03DFDE742BF0}.Release|Any CPU.ActiveCfg = Release|Any CPU
		{10FE41EE-7788-4A3E-9076-03DFDE742BF0}.Release|Any CPU.Build.0 = Release|Any CPU
		{4BF5AE3D-6E5E-4B07-9B2C-9FD2FE7C386F}.Debug|Any CPU.ActiveCfg = Debug|Any CPU
		{4BF5AE3D-6E5E-4B07-9B2C-9FD2FE7C386F}.Debug|Any CPU.Build.0 = Debug|Any CPU
		{4BF5AE3D-6E5E-4B07-9B2C-9FD2FE7C386F}.Release|Any CPU.ActiveCfg = Release|Any CPU
		{4BF5AE3D-6E5E-4B07-9B2C-9FD2FE7C386F}.Release|Any CPU.Build.0 = Release|Any CPU
		{D3467444-209B-44EE-B2D2-BCFDCDF66BA8}.Debug|Any CPU.ActiveCfg = Debug|Any CPU
		{D3467444-209B-44EE-B2D2-BCFDCDF66BA8}.Debug|Any CPU.Build.0 = Debug|Any CPU
		{D3467444-209B-44EE-B2D2-BCFDCDF66BA8}.Release|Any CPU.ActiveCfg = Release|Any CPU
		{D3467444-209B-44EE-B2D2-BCFDCDF66BA8}.Release|Any CPU.Build.0 = Release|Any CPU
		{F2CC2667-B98D-4E64-943E-2085F496E34B}.Debug|Any CPU.ActiveCfg = Debug|Any CPU
		{F2CC2667-B98D-4E64-943E-2085F496E34B}.Debug|Any CPU.Build.0 = Debug|Any CPU
		{F2CC2667-B98D-4E64-943E-2085F496E34B}.Release|Any CPU.ActiveCfg = Release|Any CPU
		{F2CC2667-B98D-4E64-943E-2085F496E34B}.Release|Any CPU.Build.0 = Release|Any CPU
		{AA62F1F1-85C6-4538-8696-CC95AAAEB78D}.Debug|Any CPU.ActiveCfg = Debug|Any CPU
		{AA62F1F1-85C6-4538-8696-CC95AAAEB78D}.Debug|Any CPU.Build.0 = Debug|Any CPU
		{AA62F1F1-85C6-4538-8696-CC95AAAEB78D}.Release|Any CPU.ActiveCfg = Release|Any CPU
		{AA62F1F1-85C6-4538-8696-CC95AAAEB78D}.Release|Any CPU.Build.0 = Release|Any CPU
		{F9ABCAA2-6CA4-4C45-8134-BF523D2C5B1A}.Debug|Any CPU.ActiveCfg = Debug|Any CPU
		{F9ABCAA2-6CA4-4C45-8134-BF523D2C5B1A}.Debug|Any CPU.Build.0 = Debug|Any CPU
		{F9ABCAA2-6CA4-4C45-8134-BF523D2C5B1A}.Release|Any CPU.ActiveCfg = Release|Any CPU
		{F9ABCAA2-6CA4-4C45-8134-BF523D2C5B1A}.Release|Any CPU.Build.0 = Release|Any CPU
		{01950375-B85F-42F4-A103-76BBEC6A5CFE}.Debug|Any CPU.ActiveCfg = Debug|Any CPU
		{01950375-B85F-42F4-A103-76BBEC6A5CFE}.Debug|Any CPU.Build.0 = Debug|Any CPU
		{01950375-B85F-42F4-A103-76BBEC6A5CFE}.Release|Any CPU.ActiveCfg = Release|Any CPU
		{01950375-B85F-42F4-A103-76BBEC6A5CFE}.Release|Any CPU.Build.0 = Release|Any CPU
	EndGlobalSection
	GlobalSection(SolutionProperties) = preSolution
		HideSolutionNode = FALSE
	EndGlobalSection
	GlobalSection(NestedProjects) = preSolution
		{07BA217B-2897-4B31-A3A2-FF928B7C9871} = {97341D3D-06B0-461C-876F-EE450BF7FBBC}
		{7672FDF9-CA2D-4BF8-91B1-C72125564982} = {97341D3D-06B0-461C-876F-EE450BF7FBBC}
		{10FE41EE-7788-4A3E-9076-03DFDE742BF0} = {97341D3D-06B0-461C-876F-EE450BF7FBBC}
		{4BF5AE3D-6E5E-4B07-9B2C-9FD2FE7C386F} = {97341D3D-06B0-461C-876F-EE450BF7FBBC}
		{D3467444-209B-44EE-B2D2-BCFDCDF66BA8} = {50E6A4A1-FC6A-4AA6-9370-1BC4CAB10DBD}
		{F2CC2667-B98D-4E64-943E-2085F496E34B} = {BD6FFDA0-2F21-40B7-A6B2-7914F5512051}
		{AA62F1F1-85C6-4538-8696-CC95AAAEB78D} = {BD6FFDA0-2F21-40B7-A6B2-7914F5512051}
		{F9ABCAA2-6CA4-4C45-8134-BF523D2C5B1A} = {BD6FFDA0-2F21-40B7-A6B2-7914F5512051}
		{01950375-B85F-42F4-A103-76BBEC6A5CFE} = {BD6FFDA0-2F21-40B7-A6B2-7914F5512051}
	EndGlobalSection
EndGlobal
